<?xml version="1.0" encoding="utf-8"?>
<Project ToolsVersion="4.0" xmlns="http://schemas.microsoft.com/developer/msbuild/2003">
  <ItemGroup>
    <Filter Include="src">
      <UniqueIdentifier>{2DAB880B-99B4-887C-2230-9F7C8E38947C}</UniqueIdentifier>
    </Filter>
    <Filter Include="src\Platform">
      <UniqueIdentifier>{21CA02E5-0D2D-9289-B6B2-CA3FA2F45D0C}</UniqueIdentifier>
    </Filter>
    <Filter Include="src\Platform\OpenGL">
      <UniqueIdentifier>{35A49437-A105-7245-2A73-B8F796D3A804}</UniqueIdentifier>
    </Filter>
    <Filter Include="src\Platform\Windows">
      <UniqueIdentifier>{5B054582-4794-CE4B-F0B2-E246DC20DFF1}</UniqueIdentifier>
    </Filter>
    <Filter Include="src\Uge">
      <UniqueIdentifier>{BDB62FA9-2996-AE44-32AE-391B9E0C15A6}</UniqueIdentifier>
    </Filter>
    <Filter Include="src\Uge\Core">
      <UniqueIdentifier>{3599C905-21FC-58AA-CA81-9160B6C3242D}</UniqueIdentifier>
    </Filter>
    <Filter Include="src\Uge\Debug">
      <UniqueIdentifier>{F31A09BF-5FDB-84F5-2816-CE729495C9D1}</UniqueIdentifier>
    </Filter>
    <Filter Include="src\Uge\Events">
      <UniqueIdentifier>{01CCB6A3-ED99-AAA9-D62D-1BD0C29A860E}</UniqueIdentifier>
    </Filter>
    <Filter Include="src\Uge\ImGui">
      <UniqueIdentifier>{A78567BF-1346-E3F5-DC80-2C73480028D2}</UniqueIdentifier>
    </Filter>
    <Filter Include="src\Uge\Renderer">
      <UniqueIdentifier>{03DF9463-EFD7-B3B5-180A-993A046293C1}</UniqueIdentifier>
    </Filter>
    <Filter Include="src\Uge\Scene">
      <UniqueIdentifier>{9A7D17C0-063E-93F6-CF78-DC733BF8D7D2}</UniqueIdentifier>
    </Filter>
    <Filter Include="src\Uge\Utils">
      <UniqueIdentifier>{DD1145C0-49D2-C0F6-120D-0A747E8C05D3}</UniqueIdentifier>
    </Filter>
    <Filter Include="thirdparty">
      <UniqueIdentifier>{50A5DA7C-3C5D-1CCA-A564-F525913BB7BA}</UniqueIdentifier>
    </Filter>
    <Filter Include="thirdparty\ImGuizmo">
      <UniqueIdentifier>{B0113BDB-1C73-18E9-A5E0-5E9B11414FA8}</UniqueIdentifier>
    </Filter>
    <Filter Include="thirdparty\stb_image">
      <UniqueIdentifier>{EA39E0BF-D6C8-6989-7FE7-7D846B557A2F}</UniqueIdentifier>
    </Filter>
  </ItemGroup>
  <ItemGroup>
    <ClInclude Include="src\Platform\OpenGL\OpenGLBuffer.h">
      <Filter>src\Platform\OpenGL</Filter>
    </ClInclude>
    <ClInclude Include="src\Platform\OpenGL\OpenGLContext.h">
      <Filter>src\Platform\OpenGL</Filter>
    </ClInclude>
    <ClInclude Include="src\Platform\OpenGL\OpenGLFramebuffer.h">
      <Filter>src\Platform\OpenGL</Filter>
    </ClInclude>
    <ClInclude Include="src\Platform\OpenGL\OpenGLRendererAPI.h">
      <Filter>src\Platform\OpenGL</Filter>
    </ClInclude>
    <ClInclude Include="src\Platform\OpenGL\OpenGLShader.h">
      <Filter>src\Platform\OpenGL</Filter>
    </ClInclude>
    <ClInclude Include="src\Platform\OpenGL\OpenGLTexture.h">
      <Filter>src\Platform\OpenGL</Filter>
    </ClInclude>
    <ClInclude Include="src\Platform\OpenGL\OpenGLVertexArray.h">
      <Filter>src\Platform\OpenGL</Filter>
    </ClInclude>
    <ClInclude Include="src\Platform\Windows\WindowsWindow.h">
      <Filter>src\Platform\Windows</Filter>
    </ClInclude>
    <ClInclude Include="src\Uge.h">
      <Filter>src</Filter>
    </ClInclude>
    <ClInclude Include="src\Uge\Core\Application.h">
      <Filter>src\Uge\Core</Filter>
    </ClInclude>
    <ClInclude Include="src\Uge\Core\Core.h">
      <Filter>src\Uge\Core</Filter>
    </ClInclude>
    <ClInclude Include="src\Uge\Core\EntryPoint.h">
      <Filter>src\Uge\Core</Filter>
    </ClInclude>
    <ClInclude Include="src\Uge\Core\Input.h">
      <Filter>src\Uge\Core</Filter>
    </ClInclude>
    <ClInclude Include="src\Uge\Core\KeyCodes.h">
      <Filter>src\Uge\Core</Filter>
    </ClInclude>
    <ClInclude Include="src\Uge\Core\Layer.h">
      <Filter>src\Uge\Core</Filter>
    </ClInclude>
    <ClInclude Include="src\Uge\Core\LayerStack.h">
      <Filter>src\Uge\Core</Filter>
    </ClInclude>
    <ClInclude Include="src\Uge\Core\Log.h">
      <Filter>src\Uge\Core</Filter>
    </ClInclude>
    <ClInclude Include="src\Uge\Core\MouseButtonCodes.h">
      <Filter>src\Uge\Core</Filter>
    </ClInclude>
    <ClInclude Include="src\Uge\Core\Timestep.h">
      <Filter>src\Uge\Core</Filter>
    </ClInclude>
    <ClInclude Include="src\Uge\Core\Window.h">
      <Filter>src\Uge\Core</Filter>
    </ClInclude>
    <ClInclude Include="src\Uge\Debug\Instrumentor.h">
      <Filter>src\Uge\Debug</Filter>
    </ClInclude>
    <ClInclude Include="src\Uge\Events\ApplicationEvent.h">
      <Filter>src\Uge\Events</Filter>
    </ClInclude>
    <ClInclude Include="src\Uge\Events\Event.h">
      <Filter>src\Uge\Events</Filter>
    </ClInclude>
    <ClInclude Include="src\Uge\Events\KeyEvent.h">
      <Filter>src\Uge\Events</Filter>
    </ClInclude>
    <ClInclude Include="src\Uge\Events\MouseEvent.h">
      <Filter>src\Uge\Events</Filter>
    </ClInclude>
    <ClInclude Include="src\Uge\ImGui\ImGuiLayer.h">
      <Filter>src\Uge\ImGui</Filter>
    </ClInclude>
    <ClInclude Include="src\Uge\Renderer\Buffer.h">
      <Filter>src\Uge\Renderer</Filter>
    </ClInclude>
    <ClInclude Include="src\Uge\Renderer\Camera.h">
      <Filter>src\Uge\Renderer</Filter>
    </ClInclude>
    <ClInclude Include="src\Uge\Renderer\Framebuffer.h">
      <Filter>src\Uge\Renderer</Filter>
    </ClInclude>
    <ClInclude Include="src\Uge\Renderer\GraphicsContext.h">
      <Filter>src\Uge\Renderer</Filter>
    </ClInclude>
    <ClInclude Include="src\Uge\Renderer\OrthographicCamera.h">
      <Filter>src\Uge\Renderer</Filter>
    </ClInclude>
    <ClInclude Include="src\Uge\Renderer\OrthographicCameraController.h">
      <Filter>src\Uge\Renderer</Filter>
    </ClInclude>
    <ClInclude Include="src\Uge\Renderer\PerspectiveCamera.h">
      <Filter>src\Uge\Renderer</Filter>
    </ClInclude>
    <ClInclude Include="src\Uge\Renderer\PerspectiveCameraController.h">
      <Filter>src\Uge\Renderer</Filter>
    </ClInclude>
    <ClInclude Include="src\Uge\Renderer\RenderCommand.h">
      <Filter>src\Uge\Renderer</Filter>
    </ClInclude>
    <ClInclude Include="src\Uge\Renderer\Renderer.h">
      <Filter>src\Uge\Renderer</Filter>
    </ClInclude>
    <ClInclude Include="src\Uge\Renderer\Renderer2D.h">
      <Filter>src\Uge\Renderer</Filter>
    </ClInclude>
    <ClInclude Include="src\Uge\Renderer\Renderer3D.h">
      <Filter>src\Uge\Renderer</Filter>
    </ClInclude>
    <ClInclude Include="src\Uge\Renderer\RendererAPI.h">
      <Filter>src\Uge\Renderer</Filter>
    </ClInclude>
    <ClInclude Include="src\Uge\Renderer\Shader.h">
      <Filter>src\Uge\Renderer</Filter>
    </ClInclude>
    <ClInclude Include="src\Uge\Renderer\SubTexture2D.h">
      <Filter>src\Uge\Renderer</Filter>
    </ClInclude>
    <ClInclude Include="src\Uge\Renderer\Texture.h">
      <Filter>src\Uge\Renderer</Filter>
    </ClInclude>
    <ClInclude Include="src\Uge\Renderer\VertexArray.h">
      <Filter>src\Uge\Renderer</Filter>
    </ClInclude>
    <ClInclude Include="src\Uge\Scene\Components.h">
      <Filter>src\Uge\Scene</Filter>
    </ClInclude>
    <ClInclude Include="src\Uge\Scene\Entity.h">
      <Filter>src\Uge\Scene</Filter>
    </ClInclude>
    <ClInclude Include="src\Uge\Scene\Scene.h">
      <Filter>src\Uge\Scene</Filter>
    </ClInclude>
    <ClInclude Include="src\Uge\Scene\SceneCamera.h">
      <Filter>src\Uge\Scene</Filter>
    </ClInclude>
    <ClInclude Include="src\Uge\Scene\SceneSerializer.h">
      <Filter>src\Uge\Scene</Filter>
    </ClInclude>
    <ClInclude Include="src\Uge\Scene\ScriptableEntity.h">
      <Filter>src\Uge\Scene</Filter>
    </ClInclude>
    <ClInclude Include="src\Uge\Utils\PlatformUtils.h">
      <Filter>src\Uge\Utils</Filter>
    </ClInclude>
    <ClInclude Include="src\ugpch.h">
      <Filter>src</Filter>
    </ClInclude>
    <ClInclude Include="thirdparty\ImGuizmo\ImGuizmo.h">
      <Filter>thirdparty\ImGuizmo</Filter>
    </ClInclude>
    <ClInclude Include="thirdparty\stb_image\stb_image.h">
      <Filter>thirdparty\stb_image</Filter>
    </ClInclude>
    <ClInclude Include="src\Uge\Math\Math.h" />
  </ItemGroup>
  <ItemGroup>
    <ClCompile Include="src\Platform\OpenGL\OpenGLBuffer.cpp">
      <Filter>src\Platform\OpenGL</Filter>
    </ClCompile>
    <ClCompile Include="src\Platform\OpenGL\OpenGLContext.cpp">
      <Filter>src\Platform\OpenGL</Filter>
    </ClCompile>
    <ClCompile Include="src\Platform\OpenGL\OpenGLFramebuffer.cpp">
      <Filter>src\Platform\OpenGL</Filter>
    </ClCompile>
    <ClCompile Include="src\Platform\OpenGL\OpenGLRendererAPI.cpp">
      <Filter>src\Platform\OpenGL</Filter>
    </ClCompile>
    <ClCompile Include="src\Platform\OpenGL\OpenGLShader.cpp">
      <Filter>src\Platform\OpenGL</Filter>
    </ClCompile>
    <ClCompile Include="src\Platform\OpenGL\OpenGLTexture.cpp">
      <Filter>src\Platform\OpenGL</Filter>
    </ClCompile>
    <ClCompile Include="src\Platform\OpenGL\OpenGLVertexArray.cpp">
      <Filter>src\Platform\OpenGL</Filter>
    </ClCompile>
    <ClCompile Include="src\Platform\Windows\WIndowsInput.cpp">
      <Filter>src\Platform\Windows</Filter>
    </ClCompile>
    <ClCompile Include="src\Platform\Windows\WindowsPlatformUtils.cpp">
      <Filter>src\Platform\Windows</Filter>
    </ClCompile>
    <ClCompile Include="src\Platform\Windows\WindowsWindow.cpp">
      <Filter>src\Platform\Windows</Filter>
    </ClCompile>
    <ClCompile Include="src\Uge\Core\Application.cpp">
      <Filter>src\Uge\Core</Filter>
    </ClCompile>
    <ClCompile Include="src\Uge\Core\Layer.cpp">
      <Filter>src\Uge\Core</Filter>
    </ClCompile>
    <ClCompile Include="src\Uge\Core\LayerStack.cpp">
      <Filter>src\Uge\Core</Filter>
    </ClCompile>
    <ClCompile Include="src\Uge\Core\Log.cpp">
      <Filter>src\Uge\Core</Filter>
    </ClCompile>
    <ClCompile Include="src\Uge\ImGui\ImGuiBuild.cpp">
      <Filter>src\Uge\ImGui</Filter>
    </ClCompile>
    <ClCompile Include="src\Uge\ImGui\ImGuiLayer.cpp">
      <Filter>src\Uge\ImGui</Filter>
    </ClCompile>
    <ClCompile Include="src\Uge\Renderer\Buffer.cpp">
      <Filter>src\Uge\Renderer</Filter>
    </ClCompile>
    <ClCompile Include="src\Uge\Renderer\Camera.cpp">
      <Filter>src\Uge\Renderer</Filter>
    </ClCompile>
    <ClCompile Include="src\Uge\Renderer\Framebuffer.cpp">
      <Filter>src\Uge\Renderer</Filter>
    </ClCompile>
    <ClCompile Include="src\Uge\Renderer\OrthographicCamera.cpp">
      <Filter>src\Uge\Renderer</Filter>
    </ClCompile>
    <ClCompile Include="src\Uge\Renderer\OrthographicCameraController.cpp">
      <Filter>src\Uge\Renderer</Filter>
    </ClCompile>
    <ClCompile Include="src\Uge\Renderer\PerspectiveCamera.cpp">
      <Filter>src\Uge\Renderer</Filter>
    </ClCompile>
    <ClCompile Include="src\Uge\Renderer\PerspectiveCameraController.cpp">
      <Filter>src\Uge\Renderer</Filter>
    </ClCompile>
    <ClCompile Include="src\Uge\Renderer\RenderCommand.cpp">
      <Filter>src\Uge\Renderer</Filter>
    </ClCompile>
    <ClCompile Include="src\Uge\Renderer\Renderer.cpp">
      <Filter>src\Uge\Renderer</Filter>
    </ClCompile>
    <ClCompile Include="src\Uge\Renderer\Renderer2D.cpp">
      <Filter>src\Uge\Renderer</Filter>
    </ClCompile>
    <ClCompile Include="src\Uge\Renderer\Renderer3D.cpp">
      <Filter>src\Uge\Renderer</Filter>
    </ClCompile>
    <ClCompile Include="src\Uge\Renderer\RendererAPI.cpp">
      <Filter>src\Uge\Renderer</Filter>
    </ClCompile>
    <ClCompile Include="src\Uge\Renderer\Shader.cpp">
      <Filter>src\Uge\Renderer</Filter>
    </ClCompile>
    <ClCompile Include="src\Uge\Renderer\SubTexture2D.cpp">
      <Filter>src\Uge\Renderer</Filter>
    </ClCompile>
    <ClCompile Include="src\Uge\Renderer\Texture.cpp">
      <Filter>src\Uge\Renderer</Filter>
    </ClCompile>
    <ClCompile Include="src\Uge\Renderer\VertexArray.cpp">
      <Filter>src\Uge\Renderer</Filter>
    </ClCompile>
    <ClCompile Include="src\Uge\Scene\Entity.cpp">
      <Filter>src\Uge\Scene</Filter>
    </ClCompile>
    <ClCompile Include="src\Uge\Scene\Scene.cpp">
      <Filter>src\Uge\Scene</Filter>
    </ClCompile>
    <ClCompile Include="src\Uge\Scene\SceneCamera.cpp">
      <Filter>src\Uge\Scene</Filter>
    </ClCompile>
    <ClCompile Include="src\Uge\Scene\SceneSerializer.cpp">
      <Filter>src\Uge\Scene</Filter>
    </ClCompile>
    <ClCompile Include="src\ugpch.cpp">
      <Filter>src</Filter>
    </ClCompile>
    <ClCompile Include="thirdparty\ImGuizmo\ImGuizmo.cpp">
      <Filter>thirdparty\ImGuizmo</Filter>
    </ClCompile>
    <ClCompile Include="thirdparty\stb_image\stb_image.cpp">
      <Filter>thirdparty\stb_image</Filter>
    </ClCompile>
    <ClCompile Include="src\Uge\Math\Math.cpp" />
  </ItemGroup>
</Project>