<?xml version="1.0" encoding="utf-8"?>
<Project ToolsVersion="4.0" xmlns="http://schemas.microsoft.com/developer/msbuild/2003">
  <ItemGroup>
    <Filter Include="Platform">
      <UniqueIdentifier>{2AC788B4-1694-E3BF-3FAD-D1672BD9184E}</UniqueIdentifier>
    </Filter>
    <Filter Include="Platform\OpenGL">
      <UniqueIdentifier>{1E7D2C1D-8A08-9AE1-9319-1DD6FF23F6E1}</UniqueIdentifier>
    </Filter>
    <Filter Include="Platform\Windows">
      <UniqueIdentifier>{64FBD71A-50F4-F66C-7926-DCF1657ED678}</UniqueIdentifier>
    </Filter>
    <Filter Include="Uge">
      <UniqueIdentifier>{262A880B-9233-887C-1BAF-9E7C87B7937C}</UniqueIdentifier>
    </Filter>
    <Filter Include="Uge\Events">
      <UniqueIdentifier>{4A2FB06C-36E7-F1B9-9FEE-CA158BC58CAA}</UniqueIdentifier>
    </Filter>
    <Filter Include="Uge\ImGui">
      <UniqueIdentifier>{D023AD7F-3C8E-61F6-85CC-129CF1753F4B}</UniqueIdentifier>
    </Filter>
  </ItemGroup>
  <ItemGroup>
    <ClInclude Include="src\Platform\OpenGL\ImGuiOpenGLRenderer.h">
      <Filter>Platform\OpenGL</Filter>
    </ClInclude>
    <ClInclude Include="src\Platform\Windows\WIndowsInput.h">
      <Filter>Platform\Windows</Filter>
    </ClInclude>
    <ClInclude Include="src\Platform\Windows\WindowsWindow.h">
      <Filter>Platform\Windows</Filter>
    </ClInclude>
    <ClInclude Include="src\Uge.h" />
    <ClInclude Include="src\Uge\Application.h">
      <Filter>Uge</Filter>
    </ClInclude>
    <ClInclude Include="src\Uge\Core.h">
      <Filter>Uge</Filter>
    </ClInclude>
    <ClInclude Include="src\Uge\EntryPoint.h">
      <Filter>Uge</Filter>
    </ClInclude>
    <ClInclude Include="src\Uge\Events\ApplicationEvent.h">
      <Filter>Uge\Events</Filter>
    </ClInclude>
    <ClInclude Include="src\Uge\Events\Event.h">
      <Filter>Uge\Events</Filter>
    </ClInclude>
    <ClInclude Include="src\Uge\Events\KeyEvent.h">
      <Filter>Uge\Events</Filter>
    </ClInclude>
    <ClInclude Include="src\Uge\Events\MouseEvent.h">
      <Filter>Uge\Events</Filter>
    </ClInclude>
    <ClInclude Include="src\Uge\ImGui\ImGuiGLFW.h">
      <Filter>Uge\ImGui</Filter>
    </ClInclude>
    <ClInclude Include="src\Uge\ImGui\ImGuiLayer.h">
      <Filter>Uge\ImGui</Filter>
    </ClInclude>
    <ClInclude Include="src\Uge\Input.h">
      <Filter>Uge</Filter>
    </ClInclude>
    <ClInclude Include="src\Uge\KeyCodes.h">
      <Filter>Uge</Filter>
    </ClInclude>
    <ClInclude Include="src\Uge\Layer.h">
      <Filter>Uge</Filter>
    </ClInclude>
    <ClInclude Include="src\Uge\LayerStack.h">
      <Filter>Uge</Filter>
    </ClInclude>
    <ClInclude Include="src\Uge\Log.h">
      <Filter>Uge</Filter>
    </ClInclude>
    <ClInclude Include="src\Uge\MouseButtonCodes.h">
      <Filter>Uge</Filter>
    </ClInclude>
    <ClInclude Include="src\Uge\Window.h">
      <Filter>Uge</Filter>
    </ClInclude>
    <ClInclude Include="src\ugpch.h" />
  </ItemGroup>
  <ItemGroup>
    <ClCompile Include="src\Platform\OpenGL\ImGuiOpenGLRenderer.cpp">
      <Filter>Platform\OpenGL</Filter>
    </ClCompile>
    <ClCompile Include="src\Platform\Windows\WIndowsInput.cpp">
      <Filter>Platform\Windows</Filter>
    </ClCompile>
    <ClCompile Include="src\Platform\Windows\WindowsWindow.cpp">
      <Filter>Platform\Windows</Filter>
    </ClCompile>
    <ClCompile Include="src\Uge\Application.cpp">
      <Filter>Uge</Filter>
    </ClCompile>
    <ClCompile Include="src\Uge\ImGui\ImGuiGLFW.cpp">
      <Filter>Uge\ImGui</Filter>
    </ClCompile>
    <ClCompile Include="src\Uge\ImGui\ImGuiLayer.cpp">
      <Filter>Uge\ImGui</Filter>
    </ClCompile>
    <ClCompile Include="src\Uge\Layer.cpp">
      <Filter>Uge</Filter>
    </ClCompile>
    <ClCompile Include="src\Uge\LayerStack.cpp">
      <Filter>Uge</Filter>
    </ClCompile>
    <ClCompile Include="src\Uge\Log.cpp">
      <Filter>Uge</Filter>
    </ClCompile>
    <ClCompile Include="src\ugpch.cpp" />
  </ItemGroup>
</Project>