<?xml version="1.0" encoding="utf-8"?>
<Project ToolsVersion="4.0" xmlns="http://schemas.microsoft.com/developer/msbuild/2003">
  <ItemGroup>
    <Filter Include="src">
      <UniqueIdentifier>{2DAB880B-99B4-887C-2230-9F7C8E38947C}</UniqueIdentifier>
    </Filter>
    <Filter Include="src\Platform">
      <UniqueIdentifier>{21CA02E5-0D2D-9289-B6B2-CA3FA2F45D0C}</UniqueIdentifier>
    </Filter>
    <Filter Include="src\Platform\Windows">
      <UniqueIdentifier>{5B054582-4794-CE4B-F0B2-E246DC20DFF1}</UniqueIdentifier>
    </Filter>
    <Filter Include="src\Uge">
      <UniqueIdentifier>{BDB62FA9-2996-AE44-32AE-391B9E0C15A6}</UniqueIdentifier>
    </Filter>
    <Filter Include="src\Uge\Events">
      <UniqueIdentifier>{01CCB6A3-ED99-AAA9-D62D-1BD0C29A860E}</UniqueIdentifier>
    </Filter>
    <Filter Include="src\Uge\ImGui">
      <UniqueIdentifier>{A78567BF-1346-E3F5-DC80-2C73480028D2}</UniqueIdentifier>
    </Filter>
  </ItemGroup>
  <ItemGroup>
    <ClInclude Include="src\Platform\Windows\WIndowsInput.h">
      <Filter>src\Platform\Windows</Filter>
    </ClInclude>
    <ClInclude Include="src\Platform\Windows\WindowsWindow.h">
      <Filter>src\Platform\Windows</Filter>
    </ClInclude>
    <ClInclude Include="src\Uge.h">
      <Filter>src</Filter>
    </ClInclude>
    <ClInclude Include="src\Uge\Application.h">
      <Filter>src\Uge</Filter>
    </ClInclude>
    <ClInclude Include="src\Uge\Core.h">
      <Filter>src\Uge</Filter>
    </ClInclude>
    <ClInclude Include="src\Uge\EntryPoint.h">
      <Filter>src\Uge</Filter>
    </ClInclude>
    <ClInclude Include="src\Uge\Events\ApplicationEvent.h">
      <Filter>src\Uge\Events</Filter>
    </ClInclude>
    <ClInclude Include="src\Uge\Events\Event.h">
      <Filter>src\Uge\Events</Filter>
    </ClInclude>
    <ClInclude Include="src\Uge\Events\KeyEvent.h">
      <Filter>src\Uge\Events</Filter>
    </ClInclude>
    <ClInclude Include="src\Uge\Events\MouseEvent.h">
      <Filter>src\Uge\Events</Filter>
    </ClInclude>
    <ClInclude Include="src\Uge\ImGui\ImGuiLayer.h">
      <Filter>src\Uge\ImGui</Filter>
    </ClInclude>
    <ClInclude Include="src\Uge\Input.h">
      <Filter>src\Uge</Filter>
    </ClInclude>
    <ClInclude Include="src\Uge\KeyCodes.h">
      <Filter>src\Uge</Filter>
    </ClInclude>
    <ClInclude Include="src\Uge\Layer.h">
      <Filter>src\Uge</Filter>
    </ClInclude>
    <ClInclude Include="src\Uge\LayerStack.h">
      <Filter>src\Uge</Filter>
    </ClInclude>
    <ClInclude Include="src\Uge\Log.h">
      <Filter>src\Uge</Filter>
    </ClInclude>
    <ClInclude Include="src\Uge\MouseButtonCodes.h">
      <Filter>src\Uge</Filter>
    </ClInclude>
    <ClInclude Include="src\Uge\Window.h">
      <Filter>src\Uge</Filter>
    </ClInclude>
    <ClInclude Include="src\ugpch.h">
      <Filter>src</Filter>
    </ClInclude>
  </ItemGroup>
  <ItemGroup>
    <ClCompile Include="src\Platform\Windows\WIndowsInput.cpp">
      <Filter>src\Platform\Windows</Filter>
    </ClCompile>
    <ClCompile Include="src\Platform\Windows\WindowsWindow.cpp">
      <Filter>src\Platform\Windows</Filter>
    </ClCompile>
    <ClCompile Include="src\Uge\Application.cpp">
      <Filter>src\Uge</Filter>
    </ClCompile>
    <ClCompile Include="src\Uge\ImGui\ImGuiBuild.cpp">
      <Filter>src\Uge\ImGui</Filter>
    </ClCompile>
    <ClCompile Include="src\Uge\ImGui\ImGuiLayer.cpp">
      <Filter>src\Uge\ImGui</Filter>
    </ClCompile>
    <ClCompile Include="src\Uge\Layer.cpp">
      <Filter>src\Uge</Filter>
    </ClCompile>
    <ClCompile Include="src\Uge\LayerStack.cpp">
      <Filter>src\Uge</Filter>
    </ClCompile>
    <ClCompile Include="src\Uge\Log.cpp">
      <Filter>src\Uge</Filter>
    </ClCompile>
    <ClCompile Include="src\ugpch.cpp">
      <Filter>src</Filter>
    </ClCompile>
  </ItemGroup>
  <ItemGroup>
    <None Include="UgeClassDiagram.cd" />
  </ItemGroup>
</Project>